
Microsoft Visual Studio Solution File, Format Version 12.00
# Visual Studio Version 17
VisualStudioVersion = 17.6.33723.286
MinimumVisualStudioVersion = 10.0.40219.1
Project("{FAE04EC0-301F-11D3-BF4B-00C04F79EFBC}") = "task9.6.1", "task9.6.1.csproj", "{931CF228-81E1-4244-A60E-2845FC33484E}"
EndProject
Project("{FAE04EC0-301F-11D3-BF4B-00C04F79EFBC}") = "task9.6.2", "..\task9.6.2\task9.6.2.csproj", "{80FBAF21-9008-4010-8A3D-1D8B4E0EF47D}"
EndProject
Global
	GlobalSection(SolutionConfigurationPlatforms) = preSolution
		Debug|Any CPU = Debug|Any CPU
		Release|Any CPU = Release|Any CPU
	EndGlobalSection
	GlobalSection(ProjectConfigurationPlatforms) = postSolution
		{931CF228-81E1-4244-A60E-2845FC33484E}.Debug|Any CPU.ActiveCfg = Debug|Any CPU
		{931CF228-81E1-4244-A60E-2845FC33484E}.Debug|Any CPU.Build.0 = Debug|Any CPU
		{931CF228-81E1-4244-A60E-2845FC33484E}.Release|Any CPU.ActiveCfg = Release|Any CPU
		{931CF228-81E1-4244-A60E-2845FC33484E}.Release|Any CPU.Build.0 = Release|Any CPU
		{80FBAF21-9008-4010-8A3D-1D8B4E0EF47D}.Debug|Any CPU.ActiveCfg = Debug|Any CPU
		{80FBAF21-9008-4010-8A3D-1D8B4E0EF47D}.Debug|Any CPU.Build.0 = Debug|Any CPU
		{80FBAF21-9008-4010-8A3D-1D8B4E0EF47D}.Release|Any CPU.ActiveCfg = Release|Any CPU
		{80FBAF21-9008-4010-8A3D-1D8B4E0EF47D}.Release|Any CPU.Build.0 = Release|Any CPU
	EndGlobalSection
	GlobalSection(SolutionProperties) = preSolution
		HideSolutionNode = FALSE
	EndGlobalSection
	GlobalSection(ExtensibilityGlobals) = postSolution
		SolutionGuid = {34A5C252-32CB-4B10-BAA3-C1209AC38780}
	EndGlobalSection
EndGlobal
